// !$*UTF8*$!
{
	archiveVersion = 1;
	classes = {
	};
	objectVersion = 46;
	objects = {

/* Begin PBXBuildFile section */
		D364B6791AADFA9B00B06703 /* main.m in Sources */ = {isa = PBXBuildFile; fileRef = D364B6781AADFA9B00B06703 /* main.m */; };
		D364B67C1AADFA9B00B06703 /* AppDelegate.m in Sources */ = {isa = PBXBuildFile; fileRef = D364B67B1AADFA9B00B06703 /* AppDelegate.m */; };
		D364B67F1AADFA9B00B06703 /* ViewController.m in Sources */ = {isa = PBXBuildFile; fileRef = D364B67E1AADFA9B00B06703 /* ViewController.m */; };
		D364B6821AADFA9B00B06703 /* Main.storyboard in Resources */ = {isa = PBXBuildFile; fileRef = D364B6801AADFA9B00B06703 /* Main.storyboard */; };
		D364B6841AADFA9B00B06703 /* Images.xcassets in Resources */ = {isa = PBXBuildFile; fileRef = D364B6831AADFA9B00B06703 /* Images.xcassets */; };
		D364B6871AADFA9B00B06703 /* LaunchScreen.xib in Resources */ = {isa = PBXBuildFile; fileRef = D364B6851AADFA9B00B06703 /* LaunchScreen.xib */; };
		D364B6931AADFA9B00B06703 /* SmartMom_AlbertoTests.m in Sources */ = {isa = PBXBuildFile; fileRef = D364B6921AADFA9B00B06703 /* SmartMom_AlbertoTests.m */; };
		D364B6A31AADFD0300B06703 /* SMAInviteTableCell.m in Sources */ = {isa = PBXBuildFile; fileRef = D364B6A21AADFD0300B06703 /* SMAInviteTableCell.m */; };
		D364B6A61AADFD9100B06703 /* SMAContact.m in Sources */ = {isa = PBXBuildFile; fileRef = D364B6A51AADFD9100B06703 /* SMAContact.m */; };
		D364B6AB1AADFDC100B06703 /* SMAAddressBookManager.m in Sources */ = {isa = PBXBuildFile; fileRef = D364B6AA1AADFDC100B06703 /* SMAAddressBookManager.m */; };
		D364B6AD1AAE38F400B06703 /* SMAContactTest.m in Sources */ = {isa = PBXBuildFile; fileRef = D364B6AC1AAE38F400B06703 /* SMAContactTest.m */; };
		D372A8011AAE4401000C2E7B /* SMAAddressBookManagerTest.m in Sources */ = {isa = PBXBuildFile; fileRef = D372A8001AAE4401000C2E7B /* SMAAddressBookManagerTest.m */; };
		D372A8081AAE4858000C2E7B /* UIImage+ColorFromImage.m in Sources */ = {isa = PBXBuildFile; fileRef = D372A8071AAE4858000C2E7B /* UIImage+ColorFromImage.m */; };
		D372A80B1AAE4D31000C2E7B /* SMAGrantAccessView.m in Sources */ = {isa = PBXBuildFile; fileRef = D372A80A1AAE4D31000C2E7B /* SMAGrantAccessView.m */; };
/* End PBXBuildFile section */

/* Begin PBXContainerItemProxy section */
		D364B68D1AADFA9B00B06703 /* PBXContainerItemProxy */ = {
			isa = PBXContainerItemProxy;
			containerPortal = D364B66B1AADFA9B00B06703 /* Project object */;
			proxyType = 1;
			remoteGlobalIDString = D364B6721AADFA9B00B06703;
			remoteInfo = "SmartMom-Alberto";
		};
/* End PBXContainerItemProxy section */

/* Begin PBXFileReference section */
		D364B6731AADFA9B00B06703 /* SmartMom-Alberto.app */ = {isa = PBXFileReference; explicitFileType = wrapper.application; includeInIndex = 0; path = "SmartMom-Alberto.app"; sourceTree = BUILT_PRODUCTS_DIR; };
		D364B6771AADFA9B00B06703 /* Info.plist */ = {isa = PBXFileReference; lastKnownFileType = text.plist.xml; path = Info.plist; sourceTree = "<group>"; };
		D364B6781AADFA9B00B06703 /* main.m */ = {isa = PBXFileReference; lastKnownFileType = sourcecode.c.objc; path = main.m; sourceTree = "<group>"; };
		D364B67A1AADFA9B00B06703 /* AppDelegate.h */ = {isa = PBXFileReference; lastKnownFileType = sourcecode.c.h; path = AppDelegate.h; sourceTree = "<group>"; };
		D364B67B1AADFA9B00B06703 /* AppDelegate.m */ = {isa = PBXFileReference; lastKnownFileType = sourcecode.c.objc; path = AppDelegate.m; sourceTree = "<group>"; };
		D364B67D1AADFA9B00B06703 /* ViewController.h */ = {isa = PBXFileReference; lastKnownFileType = sourcecode.c.h; path = ViewController.h; sourceTree = "<group>"; };
		D364B67E1AADFA9B00B06703 /* ViewController.m */ = {isa = PBXFileReference; lastKnownFileType = sourcecode.c.objc; path = ViewController.m; sourceTree = "<group>"; };
		D364B6811AADFA9B00B06703 /* Base */ = {isa = PBXFileReference; lastKnownFileType = file.storyboard; name = Base; path = Base.lproj/Main.storyboard; sourceTree = "<group>"; };
		D364B6831AADFA9B00B06703 /* Images.xcassets */ = {isa = PBXFileReference; lastKnownFileType = folder.assetcatalog; path = Images.xcassets; sourceTree = "<group>"; };
		D364B6861AADFA9B00B06703 /* Base */ = {isa = PBXFileReference; lastKnownFileType = file.xib; name = Base; path = Base.lproj/LaunchScreen.xib; sourceTree = "<group>"; };
		D364B68C1AADFA9B00B06703 /* SmartMom-AlbertoTests.xctest */ = {isa = PBXFileReference; explicitFileType = wrapper.cfbundle; includeInIndex = 0; path = "SmartMom-AlbertoTests.xctest"; sourceTree = BUILT_PRODUCTS_DIR; };
		D364B6911AADFA9B00B06703 /* Info.plist */ = {isa = PBXFileReference; lastKnownFileType = text.plist.xml; path = Info.plist; sourceTree = "<group>"; };
		D364B6921AADFA9B00B06703 /* SmartMom_AlbertoTests.m */ = {isa = PBXFileReference; lastKnownFileType = sourcecode.c.objc; path = SmartMom_AlbertoTests.m; sourceTree = "<group>"; };
		D364B6A11AADFD0300B06703 /* SMAInviteTableCell.h */ = {isa = PBXFileReference; fileEncoding = 4; lastKnownFileType = sourcecode.c.h; name = SMAInviteTableCell.h; path = Cells/SMAInviteTableCell.h; sourceTree = "<group>"; };
		D364B6A21AADFD0300B06703 /* SMAInviteTableCell.m */ = {isa = PBXFileReference; fileEncoding = 4; lastKnownFileType = sourcecode.c.objc; name = SMAInviteTableCell.m; path = Cells/SMAInviteTableCell.m; sourceTree = "<group>"; };
		D364B6A41AADFD9100B06703 /* SMAContact.h */ = {isa = PBXFileReference; fileEncoding = 4; lastKnownFileType = sourcecode.c.h; name = SMAContact.h; path = Models/SMAContact.h; sourceTree = "<group>"; };
		D364B6A51AADFD9100B06703 /* SMAContact.m */ = {isa = PBXFileReference; fileEncoding = 4; lastKnownFileType = sourcecode.c.objc; name = SMAContact.m; path = Models/SMAContact.m; sourceTree = "<group>"; };
		D364B6A91AADFDC100B06703 /* SMAAddressBookManager.h */ = {isa = PBXFileReference; fileEncoding = 4; lastKnownFileType = sourcecode.c.h; name = SMAAddressBookManager.h; path = Utils/SMAAddressBookManager.h; sourceTree = "<group>"; };
		D364B6AA1AADFDC100B06703 /* SMAAddressBookManager.m */ = {isa = PBXFileReference; fileEncoding = 4; lastKnownFileType = sourcecode.c.objc; name = SMAAddressBookManager.m; path = Utils/SMAAddressBookManager.m; sourceTree = "<group>"; };
		D364B6AC1AAE38F400B06703 /* SMAContactTest.m */ = {isa = PBXFileReference; fileEncoding = 4; lastKnownFileType = sourcecode.c.objc; name = SMAContactTest.m; path = "SmartMom-Alberto/Tests/SMAContactTest.m"; sourceTree = "<group>"; };
		D372A8001AAE4401000C2E7B /* SMAAddressBookManagerTest.m */ = {isa = PBXFileReference; fileEncoding = 4; lastKnownFileType = sourcecode.c.objc; name = SMAAddressBookManagerTest.m; path = "SmartMom-Alberto/Tests/SMAAddressBookManagerTest.m"; sourceTree = "<group>"; };
		D372A8061AAE4858000C2E7B /* UIImage+ColorFromImage.h */ = {isa = PBXFileReference; fileEncoding = 4; lastKnownFileType = sourcecode.c.h; name = "UIImage+ColorFromImage.h"; path = "Categories/UIImage+ColorFromImage.h"; sourceTree = "<group>"; };
		D372A8071AAE4858000C2E7B /* UIImage+ColorFromImage.m */ = {isa = PBXFileReference; fileEncoding = 4; lastKnownFileType = sourcecode.c.objc; name = "UIImage+ColorFromImage.m"; path = "Categories/UIImage+ColorFromImage.m"; sourceTree = "<group>"; };
		D372A8091AAE4D31000C2E7B /* SMAGrantAccessView.h */ = {isa = PBXFileReference; fileEncoding = 4; lastKnownFileType = sourcecode.c.h; name = SMAGrantAccessView.h; path = Views/SMAGrantAccessView.h; sourceTree = "<group>"; };
		D372A80A1AAE4D31000C2E7B /* SMAGrantAccessView.m */ = {isa = PBXFileReference; fileEncoding = 4; lastKnownFileType = sourcecode.c.objc; name = SMAGrantAccessView.m; path = Views/SMAGrantAccessView.m; sourceTree = "<group>"; };
/* End PBXFileReference section */

/* Begin PBXFrameworksBuildPhase section */
		D364B6701AADFA9B00B06703 /* Frameworks */ = {
			isa = PBXFrameworksBuildPhase;
			buildActionMask = 2147483647;
			files = (
			);
			runOnlyForDeploymentPostprocessing = 0;
		};
		D364B6891AADFA9B00B06703 /* Frameworks */ = {
			isa = PBXFrameworksBuildPhase;
			buildActionMask = 2147483647;
			files = (
			);
			runOnlyForDeploymentPostprocessing = 0;
		};
/* End PBXFrameworksBuildPhase section */

/* Begin PBXGroup section */
		D364B66A1AADFA9B00B06703 = {
			isa = PBXGroup;
			children = (
				D364B6751AADFA9B00B06703 /* SmartMom-Alberto */,
				D364B68F1AADFA9B00B06703 /* SmartMom-AlbertoTests */,
				D364B6741AADFA9B00B06703 /* Products */,
				D364B6AE1AAE38FA00B06703 /* Tests */,
			);
			sourceTree = "<group>";
		};
		D364B6741AADFA9B00B06703 /* Products */ = {
			isa = PBXGroup;
			children = (
				D364B6731AADFA9B00B06703 /* SmartMom-Alberto.app */,
				D364B68C1AADFA9B00B06703 /* SmartMom-AlbertoTests.xctest */,
			);
			name = Products;
			sourceTree = "<group>";
		};
		D364B6751AADFA9B00B06703 /* SmartMom-Alberto */ = {
			isa = PBXGroup;
			children = (
				D372A80D1AAE4D46000C2E7B /* Categories */,
				D372A80C1AAE4D3B000C2E7B /* Custom Views */,
				D364B6A81AADFDAA00B06703 /* Utils */,
				D364B6A01AADFCD700B06703 /* Cell */,
				D364B69C1AADFC4D00B06703 /* Controllers */,
				D364B6A71AADFD9500B06703 /* Models */,
				D364B67B1AADFA9B00B06703 /* AppDelegate.m */,
				D364B67A1AADFA9B00B06703 /* AppDelegate.h */,
				D364B6801AADFA9B00B06703 /* Main.storyboard */,
				D364B6831AADFA9B00B06703 /* Images.xcassets */,
				D364B6851AADFA9B00B06703 /* LaunchScreen.xib */,
				D364B6761AADFA9B00B06703 /* Supporting Files */,
			);
			path = "SmartMom-Alberto";
			sourceTree = "<group>";
		};
		D364B6761AADFA9B00B06703 /* Supporting Files */ = {
			isa = PBXGroup;
			children = (
				D364B6771AADFA9B00B06703 /* Info.plist */,
				D364B6781AADFA9B00B06703 /* main.m */,
			);
			name = "Supporting Files";
			sourceTree = "<group>";
		};
		D364B68F1AADFA9B00B06703 /* SmartMom-AlbertoTests */ = {
			isa = PBXGroup;
			children = (
				D364B6921AADFA9B00B06703 /* SmartMom_AlbertoTests.m */,
				D364B6901AADFA9B00B06703 /* Supporting Files */,
			);
			path = "SmartMom-AlbertoTests";
			sourceTree = "<group>";
		};
		D364B6901AADFA9B00B06703 /* Supporting Files */ = {
			isa = PBXGroup;
			children = (
				D364B6911AADFA9B00B06703 /* Info.plist */,
			);
			name = "Supporting Files";
			sourceTree = "<group>";
		};
		D364B69C1AADFC4D00B06703 /* Controllers */ = {
			isa = PBXGroup;
			children = (
				D364B67D1AADFA9B00B06703 /* ViewController.h */,
				D364B67E1AADFA9B00B06703 /* ViewController.m */,
			);
			name = Controllers;
			sourceTree = "<group>";
		};
		D364B6A01AADFCD700B06703 /* Cell */ = {
			isa = PBXGroup;
			children = (
				D364B6A11AADFD0300B06703 /* SMAInviteTableCell.h */,
				D364B6A21AADFD0300B06703 /* SMAInviteTableCell.m */,
			);
			name = Cell;
			sourceTree = "<group>";
		};
		D364B6A71AADFD9500B06703 /* Models */ = {
			isa = PBXGroup;
			children = (
				D364B6A41AADFD9100B06703 /* SMAContact.h */,
				D364B6A51AADFD9100B06703 /* SMAContact.m */,
			);
			name = Models;
			sourceTree = "<group>";
		};
		D364B6A81AADFDAA00B06703 /* Utils */ = {
			isa = PBXGroup;
			children = (
				D364B6A91AADFDC100B06703 /* SMAAddressBookManager.h */,
				D364B6AA1AADFDC100B06703 /* SMAAddressBookManager.m */,
			);
			name = Utils;
			sourceTree = "<group>";
		};
		D364B6AE1AAE38FA00B06703 /* Tests */ = {
			isa = PBXGroup;
			children = (
				D364B6AC1AAE38F400B06703 /* SMAContactTest.m */,
				D372A8001AAE4401000C2E7B /* SMAAddressBookManagerTest.m */,
			);
			name = Tests;
			sourceTree = "<group>";
		};
		D372A80C1AAE4D3B000C2E7B /* Custom Views */ = {
			isa = PBXGroup;
			children = (
				D372A8091AAE4D31000C2E7B /* SMAGrantAccessView.h */,
				D372A80A1AAE4D31000C2E7B /* SMAGrantAccessView.m */,
			);
			name = "Custom Views";
			sourceTree = "<group>";
		};
		D372A80D1AAE4D46000C2E7B /* Categories */ = {
			isa = PBXGroup;
			children = (
				D372A8061AAE4858000C2E7B /* UIImage+ColorFromImage.h */,
				D372A8071AAE4858000C2E7B /* UIImage+ColorFromImage.m */,
			);
			name = Categories;
			sourceTree = "<group>";
		};
/* End PBXGroup section */

/* Begin PBXNativeTarget section */
		D364B6721AADFA9B00B06703 /* SmartMom-Alberto */ = {
			isa = PBXNativeTarget;
			buildConfigurationList = D364B6961AADFA9B00B06703 /* Build configuration list for PBXNativeTarget "SmartMom-Alberto" */;
			buildPhases = (
				D364B66F1AADFA9B00B06703 /* Sources */,
				D364B6701AADFA9B00B06703 /* Frameworks */,
				D364B6711AADFA9B00B06703 /* Resources */,
			);
			buildRules = (
			);
			dependencies = (
			);
			name = "SmartMom-Alberto";
			productName = "SmartMom-Alberto";
			productReference = D364B6731AADFA9B00B06703 /* SmartMom-Alberto.app */;
			productType = "com.apple.product-type.application";
		};
		D364B68B1AADFA9B00B06703 /* SmartMom-AlbertoTests */ = {
			isa = PBXNativeTarget;
			buildConfigurationList = D364B6991AADFA9B00B06703 /* Build configuration list for PBXNativeTarget "SmartMom-AlbertoTests" */;
			buildPhases = (
				D364B6881AADFA9B00B06703 /* Sources */,
				D364B6891AADFA9B00B06703 /* Frameworks */,
				D364B68A1AADFA9B00B06703 /* Resources */,
			);
			buildRules = (
			);
			dependencies = (
				D364B68E1AADFA9B00B06703 /* PBXTargetDependency */,
			);
			name = "SmartMom-AlbertoTests";
			productName = "SmartMom-AlbertoTests";
			productReference = D364B68C1AADFA9B00B06703 /* SmartMom-AlbertoTests.xctest */;
			productType = "com.apple.product-type.bundle.unit-test";
		};
/* End PBXNativeTarget section */

/* Begin PBXProject section */
		D364B66B1AADFA9B00B06703 /* Project object */ = {
			isa = PBXProject;
			attributes = {
				LastUpgradeCheck = 0610;
				ORGANIZATIONNAME = "Alberto Lagos";
				TargetAttributes = {
					D364B6721AADFA9B00B06703 = {
						CreatedOnToolsVersion = 6.1.1;
					};
					D364B68B1AADFA9B00B06703 = {
						CreatedOnToolsVersion = 6.1.1;
						TestTargetID = D364B6721AADFA9B00B06703;
					};
				};
			};
			buildConfigurationList = D364B66E1AADFA9B00B06703 /* Build configuration list for PBXProject "SmartMom-Alberto" */;
			compatibilityVersion = "Xcode 3.2";
			developmentRegion = English;
			hasScannedForEncodings = 0;
			knownRegions = (
				en,
				Base,
			);
			mainGroup = D364B66A1AADFA9B00B06703;
			productRefGroup = D364B6741AADFA9B00B06703 /* Products */;
			projectDirPath = "";
			projectRoot = "";
			targets = (
				D364B6721AADFA9B00B06703 /* SmartMom-Alberto */,
				D364B68B1AADFA9B00B06703 /* SmartMom-AlbertoTests */,
			);
		};
/* End PBXProject section */

/* Begin PBXResourcesBuildPhase section */
		D364B6711AADFA9B00B06703 /* Resources */ = {
			isa = PBXResourcesBuildPhase;
			buildActionMask = 2147483647;
			files = (
				D364B6821AADFA9B00B06703 /* Main.storyboard in Resources */,
				D364B6871AADFA9B00B06703 /* LaunchScreen.xib in Resources */,
				D364B6841AADFA9B00B06703 /* Images.xcassets in Resources */,
			);
			runOnlyForDeploymentPostprocessing = 0;
		};
		D364B68A1AADFA9B00B06703 /* Resources */ = {
			isa = PBXResourcesBuildPhase;
			buildActionMask = 2147483647;
			files = (
			);
			runOnlyForDeploymentPostprocessing = 0;
		};
/* End PBXResourcesBuildPhase section */

/* Begin PBXSourcesBuildPhase section */
		D364B66F1AADFA9B00B06703 /* Sources */ = {
			isa = PBXSourcesBuildPhase;
			buildActionMask = 2147483647;
			files = (
				D364B67F1AADFA9B00B06703 /* ViewController.m in Sources */,
				D364B67C1AADFA9B00B06703 /* AppDelegate.m in Sources */,
				D364B6A31AADFD0300B06703 /* SMAInviteTableCell.m in Sources */,
				D372A80B1AAE4D31000C2E7B /* SMAGrantAccessView.m in Sources */,
				D364B6A61AADFD9100B06703 /* SMAContact.m in Sources */,
				D364B6AB1AADFDC100B06703 /* SMAAddressBookManager.m in Sources */,
				D364B6791AADFA9B00B06703 /* main.m in Sources */,
				D372A8081AAE4858000C2E7B /* UIImage+ColorFromImage.m in Sources */,
			);
			runOnlyForDeploymentPostprocessing = 0;
		};
		D364B6881AADFA9B00B06703 /* Sources */ = {
			isa = PBXSourcesBuildPhase;
			buildActionMask = 2147483647;
			files = (
				D372A8011AAE4401000C2E7B /* SMAAddressBookManagerTest.m in Sources */,
				D364B6AD1AAE38F400B06703 /* SMAContactTest.m in Sources */,
				D364B6931AADFA9B00B06703 /* SmartMom_AlbertoTests.m in Sources */,
			);
			runOnlyForDeploymentPostprocessing = 0;
		};
/* End PBXSourcesBuildPhase section */

/* Begin PBXTargetDependency section */
		D364B68E1AADFA9B00B06703 /* PBXTargetDependency */ = {
			isa = PBXTargetDependency;
			target = D364B6721AADFA9B00B06703 /* SmartMom-Alberto */;
			targetProxy = D364B68D1AADFA9B00B06703 /* PBXContainerItemProxy */;
		};
/* End PBXTargetDependency section */

/* Begin PBXVariantGroup section */
		D364B6801AADFA9B00B06703 /* Main.storyboard */ = {
			isa = PBXVariantGroup;
			children = (
				D364B6811AADFA9B00B06703 /* Base */,
			);
			name = Main.storyboard;
			sourceTree = "<group>";
		};
		D364B6851AADFA9B00B06703 /* LaunchScreen.xib */ = {
			isa = PBXVariantGroup;
			children = (
				D364B6861AADFA9B00B06703 /* Base */,
			);
			name = LaunchScreen.xib;
			sourceTree = "<group>";
		};
/* End PBXVariantGroup section */

/* Begin XCBuildConfiguration section */
		D364B6941AADFA9B00B06703 /* Debug */ = {
			isa = XCBuildConfiguration;
			buildSettings = {
				ALWAYS_SEARCH_USER_PATHS = NO;
				CLANG_CXX_LANGUAGE_STANDARD = "gnu++0x";
				CLANG_CXX_LIBRARY = "libc++";
				CLANG_ENABLE_MODULES = YES;
				CLANG_ENABLE_OBJC_ARC = YES;
				CLANG_WARN_BOOL_CONVERSION = YES;
				CLANG_WARN_CONSTANT_CONVERSION = YES;
				CLANG_WARN_DIRECT_OBJC_ISA_USAGE = YES_ERROR;
				CLANG_WARN_EMPTY_BODY = YES;
				CLANG_WARN_ENUM_CONVERSION = YES;
				CLANG_WARN_INT_CONVERSION = YES;
				CLANG_WARN_OBJC_ROOT_CLASS = YES_ERROR;
				CLANG_WARN_UNREACHABLE_CODE = YES;
				CLANG_WARN__DUPLICATE_METHOD_MATCH = YES;
				"CODE_SIGN_IDENTITY[sdk=iphoneos*]" = "iPhone Developer";
				COPY_PHASE_STRIP = NO;
				ENABLE_STRICT_OBJC_MSGSEND = YES;
				GCC_C_LANGUAGE_STANDARD = gnu99;
				GCC_DYNAMIC_NO_PIC = NO;
				GCC_OPTIMIZATION_LEVEL = 0;
				GCC_PREPROCESSOR_DEFINITIONS = (
					"DEBUG=1",
					"$(inherited)",
				);
				GCC_SYMBOLS_PRIVATE_EXTERN = NO;
				GCC_WARN_64_TO_32_BIT_CONVERSION = YES;
				GCC_WARN_ABOUT_RETURN_TYPE = YES_ERROR;
				GCC_WARN_UNDECLARED_SELECTOR = YES;
				GCC_WARN_UNINITIALIZED_AUTOS = YES_AGGRESSIVE;
				GCC_WARN_UNUSED_FUNCTION = YES;
				GCC_WARN_UNUSED_VARIABLE = YES;
				IPHONEOS_DEPLOYMENT_TARGET = 7.0;
				MTL_ENABLE_DEBUG_INFO = YES;
				ONLY_ACTIVE_ARCH = YES;
				SDKROOT = iphoneos;
			};
			name = Debug;
		};
		D364B6951AADFA9B00B06703 /* Release */ = {
			isa = XCBuildConfiguration;
			buildSettings = {
				ALWAYS_SEARCH_USER_PATHS = NO;
				CLANG_CXX_LANGUAGE_STANDARD = "gnu++0x";
				CLANG_CXX_LIBRARY = "libc++";
				CLANG_ENABLE_MODULES = YES;
				CLANG_ENABLE_OBJC_ARC = YES;
				CLANG_WARN_BOOL_CONVERSION = YES;
				CLANG_WARN_CONSTANT_CONVERSION = YES;
				CLANG_WARN_DIRECT_OBJC_ISA_USAGE = YES_ERROR;
				CLANG_WARN_EMPTY_BODY = YES;
				CLANG_WARN_ENUM_CONVERSION = YES;
				CLANG_WARN_INT_CONVERSION = YES;
				CLANG_WARN_OBJC_ROOT_CLASS = YES_ERROR;
				CLANG_WARN_UNREACHABLE_CODE = YES;
				CLANG_WARN__DUPLICATE_METHOD_MATCH = YES;
				"CODE_SIGN_IDENTITY[sdk=iphoneos*]" = "iPhone Developer";
				COPY_PHASE_STRIP = YES;
				ENABLE_NS_ASSERTIONS = NO;
				ENABLE_STRICT_OBJC_MSGSEND = YES;
				GCC_C_LANGUAGE_STANDARD = gnu99;
				GCC_WARN_64_TO_32_BIT_CONVERSION = YES;
				GCC_WARN_ABOUT_RETURN_TYPE = YES_ERROR;
				GCC_WARN_UNDECLARED_SELECTOR = YES;
				GCC_WARN_UNINITIALIZED_AUTOS = YES_AGGRESSIVE;
				GCC_WARN_UNUSED_FUNCTION = YES;
				GCC_WARN_UNUSED_VARIABLE = YES;
				IPHONEOS_DEPLOYMENT_TARGET = 7.0;
				MTL_ENABLE_DEBUG_INFO = NO;
				SDKROOT = iphoneos;
				VALIDATE_PRODUCT = YES;
			};
			name = Release;
		};
		D364B6971AADFA9B00B06703 /* Debug */ = {
			isa = XCBuildConfiguration;
			buildSettings = {
				ASSETCATALOG_COMPILER_APPICON_NAME = AppIcon;
				INFOPLIST_FILE = "SmartMom-Alberto/Info.plist";
				LD_RUNPATH_SEARCH_PATHS = "$(inherited) @executable_path/Frameworks";
				PRODUCT_NAME = "$(TARGET_NAME)";
			};
			name = Debug;
		};
		D364B6981AADFA9B00B06703 /* Release */ = {
			isa = XCBuildConfiguration;
			buildSettings = {
				ASSETCATALOG_COMPILER_APPICON_NAME = AppIcon;
				INFOPLIST_FILE = "SmartMom-Alberto/Info.plist";
				LD_RUNPATH_SEARCH_PATHS = "$(inherited) @executable_path/Frameworks";
				PRODUCT_NAME = "$(TARGET_NAME)";
			};
			name = Release;
		};
		D364B69A1AADFA9B00B06703 /* Debug */ = {
			isa = XCBuildConfiguration;
			buildSettings = {
				BUNDLE_LOADER = "$(TEST_HOST)";
				FRAMEWORK_SEARCH_PATHS = (
					"$(SDKROOT)/Developer/Library/Frameworks",
					"$(inherited)",
				);
				GCC_PREPROCESSOR_DEFINITIONS = (
					"DEBUG=1",
					"$(inherited)",
				);
				INFOPLIST_FILE = "SmartMom-AlbertoTests/Info.plist";
				LD_RUNPATH_SEARCH_PATHS = "$(inherited) @executable_path/Frameworks @loader_path/Frameworks";
				PRODUCT_NAME = "$(TARGET_NAME)";
				TEST_HOST = "$(BUILT_PRODUCTS_DIR)/SmartMom-Alberto.app/SmartMom-Alberto";
			};
			name = Debug;
		};
		D364B69B1AADFA9B00B06703 /* Release */ = {
			isa = XCBuildConfiguration;
			buildSettings = {
				BUNDLE_LOADER = "$(TEST_HOST)";
				FRAMEWORK_SEARCH_PATHS = (
					"$(SDKROOT)/Developer/Library/Frameworks",
					"$(inherited)",
				);
				INFOPLIST_FILE = "SmartMom-AlbertoTests/Info.plist";
				LD_RUNPATH_SEARCH_PATHS = "$(inherited) @executable_path/Frameworks @loader_path/Frameworks";
				PRODUCT_NAME = "$(TARGET_NAME)";
				TEST_HOST = "$(BUILT_PRODUCTS_DIR)/SmartMom-Alberto.app/SmartMom-Alberto";
			};
			name = Release;
		};
/* End XCBuildConfiguration section */

/* Begin XCConfigurationList section */
		D364B66E1AADFA9B00B06703 /* Build configuration list for PBXProject "SmartMom-Alberto" */ = {
			isa = XCConfigurationList;
			buildConfigurations = (
				D364B6941AADFA9B00B06703 /* Debug */,
				D364B6951AADFA9B00B06703 /* Release */,
			);
			defaultConfigurationIsVisible = 0;
			defaultConfigurationName = Release;
		};
		D364B6961AADFA9B00B06703 /* Build configuration list for PBXNativeTarget "SmartMom-Alberto" */ = {
			isa = XCConfigurationList;
			buildConfigurations = (
				D364B6971AADFA9B00B06703 /* Debug */,
				D364B6981AADFA9B00B06703 /* Release */,
			);
			defaultConfigurationIsVisible = 0;
			defaultConfigurationName = Release;
		};
		D364B6991AADFA9B00B06703 /* Build configuration list for PBXNativeTarget "SmartMom-AlbertoTests" */ = {
			isa = XCConfigurationList;
			buildConfigurations = (
				D364B69A1AADFA9B00B06703 /* Debug */,
				D364B69B1AADFA9B00B06703 /* Release */,
			);
			defaultConfigurationIsVisible = 0;
			defaultConfigurationName = Release;
		};
/* End XCConfigurationList section */
	};
	rootObject = D364B66B1AADFA9B00B06703 /* Project object */;
}
